# Generated by pub
# See https://dart.dev/tools/pub/glossary#lockfile
packages:
  animated_to:
    dependency: "direct main"
    description:
      name: animated_to
      sha256: "5d273119e4b4a90205dad2dad60feaa936f6d1b64bb150495f0808957685ef8a"
      url: "https://pub.dev"
    source: hosted
    version: "0.8.1"
  animove:
    dependency: "direct main"
    description:
      path: ".."
      relative: true
    source: path
    version: "0.1.0"
  characters:
    dependency: transitive
    description:
      name: characters
      sha256: f71061c654a3380576a52b451dd5532377954cf9dbd272a78fc8479606670803
      url: "https://pub.dev"
    source: hosted
    version: "1.4.0"
  collection:
    dependency: transitive
    description:
      name: collection
      sha256: "2f5709ae4d3d59dd8f7cd309b4e023046b57d8a6c82130785d2b0e5868084e76"
      url: "https://pub.dev"
    source: hosted
    version: "1.19.1"
  equatable:
    dependency: transitive
    description:
      name: equatable
      sha256: "3e0141505477fd8ad55d6eb4e7776d3fe8430be8e497ccb1521370c3f21a3e2b"
      url: "https://pub.dev"
    source: hosted
    version: "2.0.8"
  flutter:
    dependency: "direct main"
    description: flutter
    source: sdk
    version: "0.0.0"
  hero_animation:
    dependency: "direct main"
    description:
      name: hero_animation
      sha256: e862b27e3bddea486923922bd436cf52b9a28d1a35a342f150e91367647f3215
      url: "https://pub.dev"
    source: hosted
    version: "1.1.4"
  material_color_utilities:
    dependency: transitive
    description:
      name: material_color_utilities
      sha256: f7142bb1154231d7ea5f96bc7bde4bda2a0945d2806bb11670e30b850d56bdec
      url: "https://pub.dev"
    source: hosted
    version: "0.11.1"
  meta:
    dependency: transitive
    description:
      name: meta
      sha256: e3641ec5d63ebf0d9b41bd43201a66e3fc79a65db5f61fc181f04cd27aab950c
      url: "https://pub.dev"
    source: hosted
    version: "1.16.0"
  motor:
    dependency: transitive
    description:
      name: motor
      sha256: cbd49f21b00e568c2b1a55f134ed803614a107782f4fea7769693bca32940c58
      url: "https://pub.dev"
    source: hosted
    version: "1.1.0"
  sky_engine:
    dependency: transitive
    description: flutter
    source: sdk
    version: "0.0.0"
  vector_math:
    dependency: transitive
    description:
      name: vector_math
      sha256: d530bd74fea330e6e364cda7a85019c434070188383e1cd8d9777ee586914c5b
      url: "https://pub.dev"
    source: hosted
    version: "2.2.0"
sdks:
  dart: ">=3.9.2 <4.0.0"
  flutter: ">=3.32.0"
